{
  "originHash" : "d688308ddc47aaf69b5598897a76b2971ea67e41bb911a0555cf890897ec4432",
  "pins" : [
    {
      "identity" : "spz-swift",
      "kind" : "remoteSourceControl",
      "location" : "https://github.com/scier/spz-swift.git",
      "state" : {
        "revision" : "e2410c91bceba2539c11157ad92e488ef6e16416",
        "version" : "2.1.0"
      }
    }
  ],
  "version" : 3
}
